// !$*UTF8*$!
{
	archiveVersion = 1;
	classes = {
	};
	objectVersion = 46;
	objects = {

/* Begin PBXBuildFile section */
		220D50CD1BE8458200BCEB34 /* main.m in Sources */ = {isa = PBXBuildFile; fileRef = 220D50CC1BE8458200BCEB34 /* main.m */; };
		220D50D01BE8458200BCEB34 /* AppDelegate.m in Sources */ = {isa = PBXBuildFile; fileRef = 220D50CF1BE8458200BCEB34 /* AppDelegate.m */; };
		220D50D31BE8458200BCEB34 /* ViewController.m in Sources */ = {isa = PBXBuildFile; fileRef = 220D50D21BE8458200BCEB34 /* ViewController.m */; };
		220D50D61BE8458200BCEB34 /* Main.storyboard in Resources */ = {isa = PBXBuildFile; fileRef = 220D50D41BE8458200BCEB34 /* Main.storyboard */; };
		220D50D81BE8458200BCEB34 /* Assets.xcassets in Resources */ = {isa = PBXBuildFile; fileRef = 220D50D71BE8458200BCEB34 /* Assets.xcassets */; };
		220D50DB1BE8458200BCEB34 /* LaunchScreen.storyboard in Resources */ = {isa = PBXBuildFile; fileRef = 220D50D91BE8458200BCEB34 /* LaunchScreen.storyboard */; };
		220D50E61BE8458200BCEB34 /* controllerDelegateTests.m in Sources */ = {isa = PBXBuildFile; fileRef = 220D50E51BE8458200BCEB34 /* controllerDelegateTests.m */; };
		220D50F11BE8458200BCEB34 /* controllerDelegateUITests.m in Sources */ = {isa = PBXBuildFile; fileRef = 220D50F01BE8458200BCEB34 /* controllerDelegateUITests.m */; };
		220D51001BE8459C00BCEB34 /* SecondViewController.m in Sources */ = {isa = PBXBuildFile; fileRef = 220D50FF1BE8459C00BCEB34 /* SecondViewController.m */; };
/* End PBXBuildFile section */

/* Begin PBXContainerItemProxy section */
		220D50E21BE8458200BCEB34 /* PBXContainerItemProxy */ = {
			isa = PBXContainerItemProxy;
			containerPortal = 220D50C01BE8458200BCEB34 /* Project object */;
			proxyType = 1;
			remoteGlobalIDString = 220D50C71BE8458200BCEB34;
			remoteInfo = controllerDelegate;
		};
		220D50ED1BE8458200BCEB34 /* PBXContainerItemProxy */ = {
			isa = PBXContainerItemProxy;
			containerPortal = 220D50C01BE8458200BCEB34 /* Project object */;
			proxyType = 1;
			remoteGlobalIDString = 220D50C71BE8458200BCEB34;
			remoteInfo = controllerDelegate;
		};
/* End PBXContainerItemProxy section */

/* Begin PBXFileReference section */
		220D50C81BE8458200BCEB34 /* controllerDelegate.app */ = {isa = PBXFileReference; explicitFileType = wrapper.application; includeInIndex = 0; path = controllerDelegate.app; sourceTree = BUILT_PRODUCTS_DIR; };
		220D50CC1BE8458200BCEB34 /* main.m */ = {isa = PBXFileReference; lastKnownFileType = sourcecode.c.objc; path = main.m; sourceTree = "<group>"; };
		220D50CE1BE8458200BCEB34 /* AppDelegate.h */ = {isa = PBXFileReference; lastKnownFileType = sourcecode.c.h; path = AppDelegate.h; sourceTree = "<group>"; };
		220D50CF1BE8458200BCEB34 /* AppDelegate.m */ = {isa = PBXFileReference; lastKnownFileType = sourcecode.c.objc; path = AppDelegate.m; sourceTree = "<group>"; };
		220D50D11BE8458200BCEB34 /* ViewController.h */ = {isa = PBXFileReference; lastKnownFileType = sourcecode.c.h; path = ViewController.h; sourceTree = "<group>"; };
		220D50D21BE8458200BCEB34 /* ViewController.m */ = {isa = PBXFileReference; lastKnownFileType = sourcecode.c.objc; path = ViewController.m; sourceTree = "<group>"; };
		220D50D51BE8458200BCEB34 /* Base */ = {isa = PBXFileReference; lastKnownFileType = file.storyboard; name = Base; path = Base.lproj/Main.storyboard; sourceTree = "<group>"; };
		220D50D71BE8458200BCEB34 /* Assets.xcassets */ = {isa = PBXFileReference; lastKnownFileType = folder.assetcatalog; path = Assets.xcassets; sourceTree = "<group>"; };
		220D50DA1BE8458200BCEB34 /* Base */ = {isa = PBXFileReference; lastKnownFileType = file.storyboard; name = Base; path = Base.lproj/LaunchScreen.storyboard; sourceTree = "<group>"; };
		220D50DC1BE8458200BCEB34 /* Info.plist */ = {isa = PBXFileReference; lastKnownFileType = text.plist.xml; path = Info.plist; sourceTree = "<group>"; };
		220D50E11BE8458200BCEB34 /* controllerDelegateTests.xctest */ = {isa = PBXFileReference; explicitFileType = wrapper.cfbundle; includeInIndex = 0; path = controllerDelegateTests.xctest; sourceTree = BUILT_PRODUCTS_DIR; };
		220D50E51BE8458200BCEB34 /* controllerDelegateTests.m */ = {isa = PBXFileReference; lastKnownFileType = sourcecode.c.objc; path = controllerDelegateTests.m; sourceTree = "<group>"; };
		220D50E71BE8458200BCEB34 /* Info.plist */ = {isa = PBXFileReference; lastKnownFileType = text.plist.xml; path = Info.plist; sourceTree = "<group>"; };
		220D50EC1BE8458200BCEB34 /* controllerDelegateUITests.xctest */ = {isa = PBXFileReference; explicitFileType = wrapper.cfbundle; includeInIndex = 0; path = controllerDelegateUITests.xctest; sourceTree = BUILT_PRODUCTS_DIR; };
		220D50F01BE8458200BCEB34 /* controllerDelegateUITests.m */ = {isa = PBXFileReference; lastKnownFileType = sourcecode.c.objc; path = controllerDelegateUITests.m; sourceTree = "<group>"; };
		220D50F21BE8458200BCEB34 /* Info.plist */ = {isa = PBXFileReference; lastKnownFileType = text.plist.xml; path = Info.plist; sourceTree = "<group>"; };
		220D50FE1BE8459C00BCEB34 /* SecondViewController.h */ = {isa = PBXFileReference; fileEncoding = 4; lastKnownFileType = sourcecode.c.h; path = SecondViewController.h; sourceTree = "<group>"; };
		220D50FF1BE8459C00BCEB34 /* SecondViewController.m */ = {isa = PBXFileReference; fileEncoding = 4; lastKnownFileType = sourcecode.c.objc; path = SecondViewController.m; sourceTree = "<group>"; };
/* End PBXFileReference section */

/* Begin PBXFrameworksBuildPhase section */
		220D50C51BE8458200BCEB34 /* Frameworks */ = {
			isa = PBXFrameworksBuildPhase;
			buildActionMask = 2147483647;
			files = (
			);
			runOnlyForDeploymentPostprocessing = 0;
		};
		220D50DE1BE8458200BCEB34 /* Frameworks */ = {
			isa = PBXFrameworksBuildPhase;
			buildActionMask = 2147483647;
			files = (
			);
			runOnlyForDeploymentPostprocessing = 0;
		};
		220D50E91BE8458200BCEB34 /* Frameworks */ = {
			isa = PBXFrameworksBuildPhase;
			buildActionMask = 2147483647;
			files = (
			);
			runOnlyForDeploymentPostprocessing = 0;
		};
/* End PBXFrameworksBuildPhase section */

/* Begin PBXGroup section */
		220D50BF1BE8458200BCEB34 = {
			isa = PBXGroup;
			children = (
				220D50CA1BE8458200BCEB34 /* controllerDelegate */,
				220D50E41BE8458200BCEB34 /* controllerDelegateTests */,
				220D50EF1BE8458200BCEB34 /* controllerDelegateUITests */,
				220D50C91BE8458200BCEB34 /* Products */,
			);
			sourceTree = "<group>";
		};
		220D50C91BE8458200BCEB34 /* Products */ = {
			isa = PBXGroup;
			children = (
				220D50C81BE8458200BCEB34 /* controllerDelegate.app */,
				220D50E11BE8458200BCEB34 /* controllerDelegateTests.xctest */,
				220D50EC1BE8458200BCEB34 /* controllerDelegateUITests.xctest */,
			);
			name = Products;
			sourceTree = "<group>";
		};
		220D50CA1BE8458200BCEB34 /* controllerDelegate */ = {
			isa = PBXGroup;
			children = (
				220D50CE1BE8458200BCEB34 /* AppDelegate.h */,
				220D50CF1BE8458200BCEB34 /* AppDelegate.m */,
				220D50D11BE8458200BCEB34 /* ViewController.h */,
				220D50D21BE8458200BCEB34 /* ViewController.m */,
				220D50FE1BE8459C00BCEB34 /* SecondViewController.h */,
				220D50FF1BE8459C00BCEB34 /* SecondViewController.m */,
				220D50D41BE8458200BCEB34 /* Main.storyboard */,
				220D50D71BE8458200BCEB34 /* Assets.xcassets */,
				220D50D91BE8458200BCEB34 /* LaunchScreen.storyboard */,
				220D50DC1BE8458200BCEB34 /* Info.plist */,
				220D50CB1BE8458200BCEB34 /* Supporting Files */,
			);
			path = controllerDelegate;
			sourceTree = "<group>";
		};
		220D50CB1BE8458200BCEB34 /* Supporting Files */ = {
			isa = PBXGroup;
			children = (
				220D50CC1BE8458200BCEB34 /* main.m */,
			);
			name = "Supporting Files";
			sourceTree = "<group>";
		};
		220D50E41BE8458200BCEB34 /* controllerDelegateTests */ = {
			isa = PBXGroup;
			children = (
				220D50E51BE8458200BCEB34 /* controllerDelegateTests.m */,
				220D50E71BE8458200BCEB34 /* Info.plist */,
			);
			path = controllerDelegateTests;
			sourceTree = "<group>";
		};
		220D50EF1BE8458200BCEB34 /* controllerDelegateUITests */ = {
			isa = PBXGroup;
			children = (
				220D50F01BE8458200BCEB34 /* controllerDelegateUITests.m */,
				220D50F21BE8458200BCEB34 /* Info.plist */,
			);
			path = controllerDelegateUITests;
			sourceTree = "<group>";
		};
/* End PBXGroup section */

/* Begin PBXNativeTarget section */
		220D50C71BE8458200BCEB34 /* controllerDelegate */ = {
			isa = PBXNativeTarget;
			buildConfigurationList = 220D50F51BE8458200BCEB34 /* Build configuration list for PBXNativeTarget "controllerDelegate" */;
			buildPhases = (
				220D50C41BE8458200BCEB34 /* Sources */,
				220D50C51BE8458200BCEB34 /* Frameworks */,
				220D50C61BE8458200BCEB34 /* Resources */,
			);
			buildRules = (
			);
			dependencies = (
			);
			name = controllerDelegate;
			productName = controllerDelegate;
			productReference = 220D50C81BE8458200BCEB34 /* controllerDelegate.app */;
			productType = "com.apple.product-type.application";
		};
		220D50E01BE8458200BCEB34 /* controllerDelegateTests */ = {
			isa = PBXNativeTarget;
			buildConfigurationList = 220D50F81BE8458200BCEB34 /* Build configuration list for PBXNativeTarget "controllerDelegateTests" */;
			buildPhases = (
				220D50DD1BE8458200BCEB34 /* Sources */,
				220D50DE1BE8458200BCEB34 /* Frameworks */,
				220D50DF1BE8458200BCEB34 /* Resources */,
			);
			buildRules = (
			);
			dependencies = (
				220D50E31BE8458200BCEB34 /* PBXTargetDependency */,
			);
			name = controllerDelegateTests;
			productName = controllerDelegateTests;
			productReference = 220D50E11BE8458200BCEB34 /* controllerDelegateTests.xctest */;
			productType = "com.apple.product-type.bundle.unit-test";
		};
		220D50EB1BE8458200BCEB34 /* controllerDelegateUITests */ = {
			isa = PBXNativeTarget;
			buildConfigurationList = 220D50FB1BE8458200BCEB34 /* Build configuration list for PBXNativeTarget "controllerDelegateUITests" */;
			buildPhases = (
				220D50E81BE8458200BCEB34 /* Sources */,
				220D50E91BE8458200BCEB34 /* Frameworks */,
				220D50EA1BE8458200BCEB34 /* Resources */,
			);
			buildRules = (
			);
			dependencies = (
				220D50EE1BE8458200BCEB34 /* PBXTargetDependency */,
			);
			name = controllerDelegateUITests;
			productName = controllerDelegateUITests;
			productReference = 220D50EC1BE8458200BCEB34 /* controllerDelegateUITests.xctest */;
			productType = "com.apple.product-type.bundle.ui-testing";
		};
/* End PBXNativeTarget section */

/* Begin PBXProject section */
		220D50C01BE8458200BCEB34 /* Project object */ = {
			isa = PBXProject;
			attributes = {
				LastUpgradeCheck = 0710;
				ORGANIZATIONNAME = YYC;
				TargetAttributes = {
					220D50C71BE8458200BCEB34 = {
						CreatedOnToolsVersion = 7.1;
					};
					220D50E01BE8458200BCEB34 = {
						CreatedOnToolsVersion = 7.1;
						TestTargetID = 220D50C71BE8458200BCEB34;
					};
					220D50EB1BE8458200BCEB34 = {
						CreatedOnToolsVersion = 7.1;
						TestTargetID = 220D50C71BE8458200BCEB34;
					};
				};
			};
			buildConfigurationList = 220D50C31BE8458200BCEB34 /* Build configuration list for PBXProject "controllerDelegate" */;
			compatibilityVersion = "Xcode 3.2";
			developmentRegion = English;
			hasScannedForEncodings = 0;
			knownRegions = (
				en,
				Base,
			);
			mainGroup = 220D50BF1BE8458200BCEB34;
			productRefGroup = 220D50C91BE8458200BCEB34 /* Products */;
			projectDirPath = "";
			projectRoot = "";
			targets = (
				220D50C71BE8458200BCEB34 /* controllerDelegate */,
				220D50E01BE8458200BCEB34 /* controllerDelegateTests */,
				220D50EB1BE8458200BCEB34 /* controllerDelegateUITests */,
			);
		};
/* End PBXProject section */

/* Begin PBXResourcesBuildPhase section */
		220D50C61BE8458200BCEB34 /* Resources */ = {
			isa = PBXResourcesBuildPhase;
			buildActionMask = 2147483647;
			files = (
				220D50DB1BE8458200BCEB34 /* LaunchScreen.storyboard in Resources */,
				220D50D81BE8458200BCEB34 /* Assets.xcassets in Resources */,
				220D50D61BE8458200BCEB34 /* Main.storyboard in Resources */,
			);
			runOnlyForDeploymentPostprocessing = 0;
		};
		220D50DF1BE8458200BCEB34 /* Resources */ = {
			isa = PBXResourcesBuildPhase;
			buildActionMask = 2147483647;
			files = (
			);
			runOnlyForDeploymentPostprocessing = 0;
		};
		220D50EA1BE8458200BCEB34 /* Resources */ = {
			isa = PBXResourcesBuildPhase;
			buildActionMask = 2147483647;
			files = (
			);
			runOnlyForDeploymentPostprocessing = 0;
		};
/* End PBXResourcesBuildPhase section */

/* Begin PBXSourcesBuildPhase section */
		220D50C41BE8458200BCEB34 /* Sources */ = {
			isa = PBXSourcesBuildPhase;
			buildActionMask = 2147483647;
			files = (
				220D51001BE8459C00BCEB34 /* SecondViewController.m in Sources */,
				220D50D31BE8458200BCEB34 /* ViewController.m in Sources */,
				220D50D01BE8458200BCEB34 /* AppDelegate.m in Sources */,
				220D50CD1BE8458200BCEB34 /* main.m in Sources */,
			);
			runOnlyForDeploymentPostprocessing = 0;
		};
		220D50DD1BE8458200BCEB34 /* Sources */ = {
			isa = PBXSourcesBuildPhase;
			buildActionMask = 2147483647;
			files = (
				220D50E61BE8458200BCEB34 /* controllerDelegateTests.m in Sources */,
			);
			runOnlyForDeploymentPostprocessing = 0;
		};
		220D50E81BE8458200BCEB34 /* Sources */ = {
			isa = PBXSourcesBuildPhase;
			buildActionMask = 2147483647;
			files = (
				220D50F11BE8458200BCEB34 /* controllerDelegateUITests.m in Sources */,
			);
			runOnlyForDeploymentPostprocessing = 0;
		};
/* End PBXSourcesBuildPhase section */

/* Begin PBXTargetDependency section */
		220D50E31BE8458200BCEB34 /* PBXTargetDependency */ = {
			isa = PBXTargetDependency;
			target = 220D50C71BE8458200BCEB34 /* controllerDelegate */;
			targetProxy = 220D50E21BE8458200BCEB34 /* PBXContainerItemProxy */;
		};
		220D50EE1BE8458200BCEB34 /* PBXTargetDependency */ = {
			isa = PBXTargetDependency;
			target = 220D50C71BE8458200BCEB34 /* controllerDelegate */;
			targetProxy = 220D50ED1BE8458200BCEB34 /* PBXContainerItemProxy */;
		};
/* End PBXTargetDependency section */

/* Begin PBXVariantGroup section */
		220D50D41BE8458200BCEB34 /* Main.storyboard */ = {
			isa = PBXVariantGroup;
			children = (
				220D50D51BE8458200BCEB34 /* Base */,
			);
			name = Main.storyboard;
			sourceTree = "<group>";
		};
		220D50D91BE8458200BCEB34 /* LaunchScreen.storyboard */ = {
			isa = PBXVariantGroup;
			children = (
				220D50DA1BE8458200BCEB34 /* Base */,
			);
			name = LaunchScreen.storyboard;
			sourceTree = "<group>";
		};
/* End PBXVariantGroup section */

/* Begin XCBuildConfiguration section */
		220D50F31BE8458200BCEB34 /* Debug */ = {
			isa = XCBuildConfiguration;
			buildSettings = {
				ALWAYS_SEARCH_USER_PATHS = NO;
				CLANG_CXX_LANGUAGE_STANDARD = "gnu++0x";
				CLANG_CXX_LIBRARY = "libc++";
				CLANG_ENABLE_MODULES = YES;
				CLANG_ENABLE_OBJC_ARC = YES;
				CLANG_WARN_BOOL_CONVERSION = YES;
				CLANG_WARN_CONSTANT_CONVERSION = YES;
				CLANG_WARN_DIRECT_OBJC_ISA_USAGE = YES_ERROR;
				CLANG_WARN_EMPTY_BODY = YES;
				CLANG_WARN_ENUM_CONVERSION = YES;
				CLANG_WARN_INT_CONVERSION = YES;
				CLANG_WARN_OBJC_ROOT_CLASS = YES_ERROR;
				CLANG_WARN_UNREACHABLE_CODE = YES;
				CLANG_WARN__DUPLICATE_METHOD_MATCH = YES;
				"CODE_SIGN_IDENTITY[sdk=iphoneos*]" = "iPhone Developer";
				COPY_PHASE_STRIP = NO;
				DEBUG_INFORMATION_FORMAT = dwarf;
				ENABLE_STRICT_OBJC_MSGSEND = YES;
				ENABLE_TESTABILITY = YES;
				GCC_C_LANGUAGE_STANDARD = gnu99;
				GCC_DYNAMIC_NO_PIC = NO;
				GCC_NO_COMMON_BLOCKS = YES;
				GCC_OPTIMIZATION_LEVEL = 0;
				GCC_PREPROCESSOR_DEFINITIONS = (
					"DEBUG=1",
					"$(inherited)",
				);
				GCC_WARN_64_TO_32_BIT_CONVERSION = YES;
				GCC_WARN_ABOUT_RETURN_TYPE = YES_ERROR;
				GCC_WARN_UNDECLARED_SELECTOR = YES;
				GCC_WARN_UNINITIALIZED_AUTOS = YES_AGGRESSIVE;
				GCC_WARN_UNUSED_FUNCTION = YES;
				GCC_WARN_UNUSED_VARIABLE = YES;
				IPHONEOS_DEPLOYMENT_TARGET = 9.1;
				MTL_ENABLE_DEBUG_INFO = YES;
				ONLY_ACTIVE_ARCH = YES;
				SDKROOT = iphoneos;
			};
			name = Debug;
		};
		220D50F41BE8458200BCEB34 /* Release */ = {
			isa = XCBuildConfiguration;
			buildSettings = {
				ALWAYS_SEARCH_USER_PATHS = NO;
				CLANG_CXX_LANGUAGE_STANDARD = "gnu++0x";
				CLANG_CXX_LIBRARY = "libc++";
				CLANG_ENABLE_MODULES = YES;
				CLANG_ENABLE_OBJC_ARC = YES;
				CLANG_WARN_BOOL_CONVERSION = YES;
				CLANG_WARN_CONSTANT_CONVERSION = YES;
				CLANG_WARN_DIRECT_OBJC_ISA_USAGE = YES_ERROR;
				CLANG_WARN_EMPTY_BODY = YES;
				CLANG_WARN_ENUM_CONVERSION = YES;
				CLANG_WARN_INT_CONVERSION = YES;
				CLANG_WARN_OBJC_ROOT_CLASS = YES_ERROR;
				CLANG_WARN_UNREACHABLE_CODE = YES;
				CLANG_WARN__DUPLICATE_METHOD_MATCH = YES;
				"CODE_SIGN_IDENTITY[sdk=iphoneos*]" = "iPhone Developer";
				COPY_PHASE_STRIP = NO;
				DEBUG_INFORMATION_FORMAT = "dwarf-with-dsym";
				ENABLE_NS_ASSERTIONS = NO;
				ENABLE_STRICT_OBJC_MSGSEND = YES;
				GCC_C_LANGUAGE_STANDARD = gnu99;
				GCC_NO_COMMON_BLOCKS = YES;
				GCC_WARN_64_TO_32_BIT_CONVERSION = YES;
				GCC_WARN_ABOUT_RETURN_TYPE = YES_ERROR;
				GCC_WARN_UNDECLARED_SELECTOR = YES;
				GCC_WARN_UNINITIALIZED_AUTOS = YES_AGGRESSIVE;
				GCC_WARN_UNUSED_FUNCTION = YES;
				GCC_WARN_UNUSED_VARIABLE = YES;
				IPHONEOS_DEPLOYMENT_TARGET = 9.1;
				MTL_ENABLE_DEBUG_INFO = NO;
				SDKROOT = iphoneos;
				VALIDATE_PRODUCT = YES;
			};
			name = Release;
		};
		220D50F61BE8458200BCEB34 /* Debug */ = {
			isa = XCBuildConfiguration;
			buildSettings = {
				ASSETCATALOG_COMPILER_APPICON_NAME = AppIcon;
				INFOPLIST_FILE = controllerDelegate/Info.plist;
				LD_RUNPATH_SEARCH_PATHS = "$(inherited) @executable_path/Frameworks";
				PRODUCT_BUNDLE_IDENTIFIER = com.esky.controllerDelegate;
				PRODUCT_NAME = "$(TARGET_NAME)";
			};
			name = Debug;
		};
		220D50F71BE8458200BCEB34 /* Release */ = {
			isa = XCBuildConfiguration;
			buildSettings = {
				ASSETCATALOG_COMPILER_APPICON_NAME = AppIcon;
				INFOPLIST_FILE = controllerDelegate/Info.plist;
				LD_RUNPATH_SEARCH_PATHS = "$(inherited) @executable_path/Frameworks";
				PRODUCT_BUNDLE_IDENTIFIER = com.esky.controllerDelegate;
				PRODUCT_NAME = "$(TARGET_NAME)";
			};
			name = Release;
		};
		220D50F91BE8458200BCEB34 /* Debug */ = {
			isa = XCBuildConfiguration;
			buildSettings = {
				BUNDLE_LOADER = "$(TEST_HOST)";
				INFOPLIST_FILE = controllerDelegateTests/Info.plist;
				LD_RUNPATH_SEARCH_PATHS = "$(inherited) @executable_path/Frameworks @loader_path/Frameworks";
				PRODUCT_BUNDLE_IDENTIFIER = com.esky.controllerDelegateTests;
				PRODUCT_NAME = "$(TARGET_NAME)";
				TEST_HOST = "$(BUILT_PRODUCTS_DIR)/controllerDelegate.app/controllerDelegate";
			};
			name = Debug;
		};
		220D50FA1BE8458200BCEB34 /* Release */ = {
			isa = XCBuildConfiguration;
			buildSettings = {
				BUNDLE_LOADER = "$(TEST_HOST)";
				INFOPLIST_FILE = controllerDelegateTests/Info.plist;
				LD_RUNPATH_SEARCH_PATHS = "$(inherited) @executable_path/Frameworks @loader_path/Frameworks";
				PRODUCT_BUNDLE_IDENTIFIER = com.esky.controllerDelegateTests;
				PRODUCT_NAME = "$(TARGET_NAME)";
				TEST_HOST = "$(BUILT_PRODUCTS_DIR)/controllerDelegate.app/controllerDelegate";
			};
			name = Release;
		};
		220D50FC1BE8458200BCEB34 /* Debug */ = {
			isa = XCBuildConfiguration;
			buildSettings = {
				INFOPLIST_FILE = controllerDelegateUITests/Info.plist;
				LD_RUNPATH_SEARCH_PATHS = "$(inherited) @executable_path/Frameworks @loader_path/Frameworks";
				PRODUCT_BUNDLE_IDENTIFIER = com.esky.controllerDelegateUITests;
				PRODUCT_NAME = "$(TARGET_NAME)";
				TEST_TARGET_NAME = controllerDelegate;
				USES_XCTRUNNER = YES;
			};
			name = Debug;
		};
		220D50FD1BE8458200BCEB34 /* Release */ = {
			isa = XCBuildConfiguration;
			buildSettings = {
				INFOPLIST_FILE = controllerDelegateUITests/Info.plist;
				LD_RUNPATH_SEARCH_PATHS = "$(inherited) @executable_path/Frameworks @loader_path/Frameworks";
				PRODUCT_BUNDLE_IDENTIFIER = com.esky.controllerDelegateUITests;
				PRODUCT_NAME = "$(TARGET_NAME)";
				TEST_TARGET_NAME = controllerDelegate;
				USES_XCTRUNNER = YES;
			};
			name = Release;
		};
/* End XCBuildConfiguration section */

/* Begin XCConfigurationList section */
		220D50C31BE8458200BCEB34 /* Build configuration list for PBXProject "controllerDelegate" */ = {
			isa = XCConfigurationList;
			buildConfigurations = (
				220D50F31BE8458200BCEB34 /* Debug */,
				220D50F41BE8458200BCEB34 /* Release */,
			);
			defaultConfigurationIsVisible = 0;
			defaultConfigurationName = Release;
		};
		220D50F51BE8458200BCEB34 /* Build configuration list for PBXNativeTarget "controllerDelegate" */ = {
			isa = XCConfigurationList;
			buildConfigurations = (
				220D50F61BE8458200BCEB34 /* Debug */,
				220D50F71BE8458200BCEB34 /* Release */,
			);
			defaultConfigurationIsVisible = 0;
		};
		220D50F81BE8458200BCEB34 /* Build configuration list for PBXNativeTarget "controllerDelegateTests" */ = {
			isa = XCConfigurationList;
			buildConfigurations = (
				220D50F91BE8458200BCEB34 /* Debug */,
				220D50FA1BE8458200BCEB34 /* Release */,
			);
			defaultConfigurationIsVisible = 0;
		};
		220D50FB1BE8458200BCEB34 /* Build configuration list for PBXNativeTarget "controllerDelegateUITests" */ = {
			isa = XCConfigurationList;
			buildConfigurations = (
				220D50FC1BE8458200BCEB34 /* Debug */,
				220D50FD1BE8458200BCEB34 /* Release */,
			);
			defaultConfigurationIsVisible = 0;
		};
/* End XCConfigurationList section */
	};
	rootObject = 220D50C01BE8458200BCEB34 /* Project object */;
}
